// !$*UTF8*$!
{
	archiveVersion = 1;
	classes = {
	};
	objectVersion = 56;
	objects = {

/* Begin PBXBuildFile section */
		12FC139F29D2DF22007841D9 /* AppDelegate.swift in Sources */ = {isa = PBXBuildFile; fileRef = 12FC139E29D2DF22007841D9 /* AppDelegate.swift */; };
		12FC13A129D2DF22007841D9 /* SceneDelegate.swift in Sources */ = {isa = PBXBuildFile; fileRef = 12FC13A029D2DF22007841D9 /* SceneDelegate.swift */; };
		12FC13A329D2DF22007841D9 /* MainVC.swift in Sources */ = {isa = PBXBuildFile; fileRef = 12FC13A229D2DF22007841D9 /* MainVC.swift */; };
		12FC13A829D2DF24007841D9 /* Assets.xcassets in Resources */ = {isa = PBXBuildFile; fileRef = 12FC13A729D2DF24007841D9 /* Assets.xcassets */; };
		12FC13AB29D2DF24007841D9 /* LaunchScreen.storyboard in Resources */ = {isa = PBXBuildFile; fileRef = 12FC13A929D2DF24007841D9 /* LaunchScreen.storyboard */; };
		12FC13D629D30FFE007841D9 /* Model.swift in Sources */ = {isa = PBXBuildFile; fileRef = 12FC13D529D30FFE007841D9 /* Model.swift */; };
		12FC13DA29D315F6007841D9 /* GalleryCollectionView.swift in Sources */ = {isa = PBXBuildFile; fileRef = 12FC13D929D315F6007841D9 /* GalleryCollectionView.swift */; };
		12FC13DC29D31A39007841D9 /* GalleryCollectionViewCell.swift in Sources */ = {isa = PBXBuildFile; fileRef = 12FC13DB29D31A39007841D9 /* GalleryCollectionViewCell.swift */; };
/* End PBXBuildFile section */

/* Begin PBXFileReference section */
		12FC139B29D2DF22007841D9 /* Talky.app */ = {isa = PBXFileReference; explicitFileType = wrapper.application; includeInIndex = 0; path = Talky.app; sourceTree = BUILT_PRODUCTS_DIR; };
		12FC139E29D2DF22007841D9 /* AppDelegate.swift */ = {isa = PBXFileReference; lastKnownFileType = sourcecode.swift; path = AppDelegate.swift; sourceTree = "<group>"; };
		12FC13A029D2DF22007841D9 /* SceneDelegate.swift */ = {isa = PBXFileReference; lastKnownFileType = sourcecode.swift; path = SceneDelegate.swift; sourceTree = "<group>"; };
		12FC13A229D2DF22007841D9 /* MainVC.swift */ = {isa = PBXFileReference; lastKnownFileType = sourcecode.swift; path = MainVC.swift; sourceTree = "<group>"; };
		12FC13A729D2DF24007841D9 /* Assets.xcassets */ = {isa = PBXFileReference; lastKnownFileType = folder.assetcatalog; path = Assets.xcassets; sourceTree = "<group>"; };
		12FC13AA29D2DF24007841D9 /* Base */ = {isa = PBXFileReference; lastKnownFileType = file.storyboard; name = Base; path = Base.lproj/LaunchScreen.storyboard; sourceTree = "<group>"; };
		12FC13AC29D2DF24007841D9 /* Info.plist */ = {isa = PBXFileReference; lastKnownFileType = text.plist.xml; path = Info.plist; sourceTree = "<group>"; };
		12FC13D529D30FFE007841D9 /* Model.swift */ = {isa = PBXFileReference; lastKnownFileType = sourcecode.swift; path = Model.swift; sourceTree = "<group>"; };
		12FC13D929D315F6007841D9 /* GalleryCollectionView.swift */ = {isa = PBXFileReference; lastKnownFileType = sourcecode.swift; path = GalleryCollectionView.swift; sourceTree = "<group>"; };
		12FC13DB29D31A39007841D9 /* GalleryCollectionViewCell.swift */ = {isa = PBXFileReference; lastKnownFileType = sourcecode.swift; path = GalleryCollectionViewCell.swift; sourceTree = "<group>"; };
/* End PBXFileReference section */

/* Begin PBXFrameworksBuildPhase section */
		12FC139829D2DF22007841D9 /* Frameworks */ = {
			isa = PBXFrameworksBuildPhase;
			buildActionMask = 2147483647;
			files = (
			);
			runOnlyForDeploymentPostprocessing = 0;
		};
/* End PBXFrameworksBuildPhase section */

/* Begin PBXGroup section */
		12FC139229D2DF22007841D9 = {
			isa = PBXGroup;
			children = (
				12FC139D29D2DF22007841D9 /* Talky */,
				12FC139C29D2DF22007841D9 /* Products */,
			);
			sourceTree = "<group>";
		};
		12FC139C29D2DF22007841D9 /* Products */ = {
			isa = PBXGroup;
			children = (
				12FC139B29D2DF22007841D9 /* Talky.app */,
			);
			name = Products;
			sourceTree = "<group>";
		};
		12FC139D29D2DF22007841D9 /* Talky */ = {
			isa = PBXGroup;
			children = (
				12FC13D329D30EB5007841D9 /* Model */,
				12FC13D229D30E76007841D9 /* View */,
				12FC13D429D30EC2007841D9 /* Presentor */,
				12FC13D729D310D0007841D9 /* Aplication */,
				12FC13D829D31118007841D9 /* Resourses */,
			);
			path = Talky;
			sourceTree = "<group>";
		};
		12FC13D229D30E76007841D9 /* View */ = {
			isa = PBXGroup;
			children = (
				12FC13A229D2DF22007841D9 /* MainVC.swift */,
				12FC13D929D315F6007841D9 /* GalleryCollectionView.swift */,
				12FC13DB29D31A39007841D9 /* GalleryCollectionViewCell.swift */,
			);
			path = View;
			sourceTree = "<group>";
		};
		12FC13D329D30EB5007841D9 /* Model */ = {
			isa = PBXGroup;
			children = (
				12FC13D529D30FFE007841D9 /* Model.swift */,
			);
			path = Model;
			sourceTree = "<group>";
		};
		12FC13D429D30EC2007841D9 /* Presentor */ = {
			isa = PBXGroup;
			children = (
			);
			path = Presentor;
			sourceTree = "<group>";
		};
		12FC13D729D310D0007841D9 /* Aplication */ = {
			isa = PBXGroup;
			children = (
				12FC13A029D2DF22007841D9 /* SceneDelegate.swift */,
				12FC139E29D2DF22007841D9 /* AppDelegate.swift */,
			);
			path = Aplication;
			sourceTree = "<group>";
		};
		12FC13D829D31118007841D9 /* Resourses */ = {
			isa = PBXGroup;
			children = (
				12FC13A929D2DF24007841D9 /* LaunchScreen.storyboard */,
				12FC13A729D2DF24007841D9 /* Assets.xcassets */,
				12FC13AC29D2DF24007841D9 /* Info.plist */,
			);
			path = Resourses;
			sourceTree = "<group>";
		};
/* End PBXGroup section */

/* Begin PBXNativeTarget section */
		12FC139A29D2DF22007841D9 /* Talky */ = {
			isa = PBXNativeTarget;
			buildConfigurationList = 12FC13AF29D2DF24007841D9 /* Build configuration list for PBXNativeTarget "Talky" */;
			buildPhases = (
				12FC139729D2DF22007841D9 /* Sources */,
				12FC139829D2DF22007841D9 /* Frameworks */,
				12FC139929D2DF22007841D9 /* Resources */,
			);
			buildRules = (
			);
			dependencies = (
			);
			name = Talky;
			productName = Talky;
			productReference = 12FC139B29D2DF22007841D9 /* Talky.app */;
			productType = "com.apple.product-type.application";
		};
/* End PBXNativeTarget section */

/* Begin PBXProject section */
		12FC139329D2DF22007841D9 /* Project object */ = {
			isa = PBXProject;
			attributes = {
				BuildIndependentTargetsInParallel = 1;
				LastSwiftUpdateCheck = 1420;
				LastUpgradeCheck = 1420;
				TargetAttributes = {
					12FC139A29D2DF22007841D9 = {
						CreatedOnToolsVersion = 14.2;
					};
				};
			};
			buildConfigurationList = 12FC139629D2DF22007841D9 /* Build configuration list for PBXProject "Talky" */;
			compatibilityVersion = "Xcode 14.0";
			developmentRegion = en;
			hasScannedForEncodings = 0;
			knownRegions = (
				en,
				Base,
			);
			mainGroup = 12FC139229D2DF22007841D9;
			productRefGroup = 12FC139C29D2DF22007841D9 /* Products */;
			projectDirPath = "";
			projectRoot = "";
			targets = (
				12FC139A29D2DF22007841D9 /* Talky */,
			);
		};
/* End PBXProject section */

/* Begin PBXResourcesBuildPhase section */
		12FC139929D2DF22007841D9 /* Resources */ = {
			isa = PBXResourcesBuildPhase;
			buildActionMask = 2147483647;
			files = (
				12FC13AB29D2DF24007841D9 /* LaunchScreen.storyboard in Resources */,
				12FC13A829D2DF24007841D9 /* Assets.xcassets in Resources */,
			);
			runOnlyForDeploymentPostprocessing = 0;
		};
/* End PBXResourcesBuildPhase section */

/* Begin PBXSourcesBuildPhase section */
		12FC139729D2DF22007841D9 /* Sources */ = {
			isa = PBXSourcesBuildPhase;
			buildActionMask = 2147483647;
			files = (
				12FC13A329D2DF22007841D9 /* MainVC.swift in Sources */,
				12FC13DC29D31A39007841D9 /* GalleryCollectionViewCell.swift in Sources */,
				12FC139F29D2DF22007841D9 /* AppDelegate.swift in Sources */,
				12FC13A129D2DF22007841D9 /* SceneDelegate.swift in Sources */,
				12FC13DA29D315F6007841D9 /* GalleryCollectionView.swift in Sources */,
				12FC13D629D30FFE007841D9 /* Model.swift in Sources */,
			);
			runOnlyForDeploymentPostprocessing = 0;
		};
/* End PBXSourcesBuildPhase section */

/* Begin PBXVariantGroup section */
		12FC13A929D2DF24007841D9 /* LaunchScreen.storyboard */ = {
			isa = PBXVariantGroup;
			children = (
				12FC13AA29D2DF24007841D9 /* Base */,
			);
			name = LaunchScreen.storyboard;
			sourceTree = "<group>";
		};
/* End PBXVariantGroup section */

/* Begin XCBuildConfiguration section */
		12FC13AD29D2DF24007841D9 /* Debug */ = {
			isa = XCBuildConfiguration;
			buildSettings = {
				ALWAYS_SEARCH_USER_PATHS = NO;
				CLANG_ANALYZER_NONNULL = YES;
				CLANG_ANALYZER_NUMBER_OBJECT_CONVERSION = YES_AGGRESSIVE;
				CLANG_CXX_LANGUAGE_STANDARD = "gnu++20";
				CLANG_ENABLE_MODULES = YES;
				CLANG_ENABLE_OBJC_ARC = YES;
				CLANG_ENABLE_OBJC_WEAK = YES;
				CLANG_WARN_BLOCK_CAPTURE_AUTORELEASING = YES;
				CLANG_WARN_BOOL_CONVERSION = YES;
				CLANG_WARN_COMMA = YES;
				CLANG_WARN_CONSTANT_CONVERSION = YES;
				CLANG_WARN_DEPRECATED_OBJC_IMPLEMENTATIONS = YES;
				CLANG_WARN_DIRECT_OBJC_ISA_USAGE = YES_ERROR;
				CLANG_WARN_DOCUMENTATION_COMMENTS = YES;
				CLANG_WARN_EMPTY_BODY = YES;
				CLANG_WARN_ENUM_CONVERSION = YES;
				CLANG_WARN_INFINITE_RECURSION = YES;
				CLANG_WARN_INT_CONVERSION = YES;
				CLANG_WARN_NON_LITERAL_NULL_CONVERSION = YES;
				CLANG_WARN_OBJC_IMPLICIT_RETAIN_SELF = YES;
				CLANG_WARN_OBJC_LITERAL_CONVERSION = YES;
				CLANG_WARN_OBJC_ROOT_CLASS = YES_ERROR;
				CLANG_WARN_QUOTED_INCLUDE_IN_FRAMEWORK_HEADER = YES;
				CLANG_WARN_RANGE_LOOP_ANALYSIS = YES;
				CLANG_WARN_STRICT_PROTOTYPES = YES;
				CLANG_WARN_SUSPICIOUS_MOVE = YES;
				CLANG_WARN_UNGUARDED_AVAILABILITY = YES_AGGRESSIVE;
				CLANG_WARN_UNREACHABLE_CODE = YES;
				CLANG_WARN__DUPLICATE_METHOD_MATCH = YES;
				COPY_PHASE_STRIP = NO;
				DEBUG_INFORMATION_FORMAT = dwarf;
				ENABLE_STRICT_OBJC_MSGSEND = YES;
				ENABLE_TESTABILITY = YES;
				GCC_C_LANGUAGE_STANDARD = gnu11;
				GCC_DYNAMIC_NO_PIC = NO;
				GCC_NO_COMMON_BLOCKS = YES;
				GCC_OPTIMIZATION_LEVEL = 0;
				GCC_PREPROCESSOR_DEFINITIONS = (
					"DEBUG=1",
					"$(inherited)",
				);
				GCC_WARN_64_TO_32_BIT_CONVERSION = YES;
				GCC_WARN_ABOUT_RETURN_TYPE = YES_ERROR;
				GCC_WARN_UNDECLARED_SELECTOR = YES;
				GCC_WARN_UNINITIALIZED_AUTOS = YES_AGGRESSIVE;
				GCC_WARN_UNUSED_FUNCTION = YES;
				GCC_WARN_UNUSED_VARIABLE = YES;
				IPHONEOS_DEPLOYMENT_TARGET = 16.2;
				MTL_ENABLE_DEBUG_INFO = INCLUDE_SOURCE;
				MTL_FAST_MATH = YES;
				ONLY_ACTIVE_ARCH = YES;
				SDKROOT = iphoneos;
				SWIFT_ACTIVE_COMPILATION_CONDITIONS = DEBUG;
				SWIFT_OPTIMIZATION_LEVEL = "-Onone";
			};
			name = Debug;
		};
		12FC13AE29D2DF24007841D9 /* Release */ = {
			isa = XCBuildConfiguration;
			buildSettings = {
				ALWAYS_SEARCH_USER_PATHS = NO;
				CLANG_ANALYZER_NONNULL = YES;
				CLANG_ANALYZER_NUMBER_OBJECT_CONVERSION = YES_AGGRESSIVE;
				CLANG_CXX_LANGUAGE_STANDARD = "gnu++20";
				CLANG_ENABLE_MODULES = YES;
				CLANG_ENABLE_OBJC_ARC = YES;
				CLANG_ENABLE_OBJC_WEAK = YES;
				CLANG_WARN_BLOCK_CAPTURE_AUTORELEASING = YES;
				CLANG_WARN_BOOL_CONVERSION = YES;
				CLANG_WARN_COMMA = YES;
				CLANG_WARN_CONSTANT_CONVERSION = YES;
				CLANG_WARN_DEPRECATED_OBJC_IMPLEMENTATIONS = YES;
				CLANG_WARN_DIRECT_OBJC_ISA_USAGE = YES_ERROR;
				CLANG_WARN_DOCUMENTATION_COMMENTS = YES;
				CLANG_WARN_EMPTY_BODY = YES;
				CLANG_WARN_ENUM_CONVERSION = YES;
				CLANG_WARN_INFINITE_RECURSION = YES;
				CLANG_WARN_INT_CONVERSION = YES;
				CLANG_WARN_NON_LITERAL_NULL_CONVERSION = YES;
				CLANG_WARN_OBJC_IMPLICIT_RETAIN_SELF = YES;
				CLANG_WARN_OBJC_LITERAL_CONVERSION = YES;
				CLANG_WARN_OBJC_ROOT_CLASS = YES_ERROR;
				CLANG_WARN_QUOTED_INCLUDE_IN_FRAMEWORK_HEADER = YES;
				CLANG_WARN_RANGE_LOOP_ANALYSIS = YES;
				CLANG_WARN_STRICT_PROTOTYPES = YES;
				CLANG_WARN_SUSPICIOUS_MOVE = YES;
				CLANG_WARN_UNGUARDED_AVAILABILITY = YES_AGGRESSIVE;
				CLANG_WARN_UNREACHABLE_CODE = YES;
				CLANG_WARN__DUPLICATE_METHOD_MATCH = YES;
				COPY_PHASE_STRIP = NO;
				DEBUG_INFORMATION_FORMAT = "dwarf-with-dsym";
				ENABLE_NS_ASSERTIONS = NO;
				ENABLE_STRICT_OBJC_MSGSEND = YES;
				GCC_C_LANGUAGE_STANDARD = gnu11;
				GCC_NO_COMMON_BLOCKS = YES;
				GCC_WARN_64_TO_32_BIT_CONVERSION = YES;
				GCC_WARN_ABOUT_RETURN_TYPE = YES_ERROR;
				GCC_WARN_UNDECLARED_SELECTOR = YES;
				GCC_WARN_UNINITIALIZED_AUTOS = YES_AGGRESSIVE;
				GCC_WARN_UNUSED_FUNCTION = YES;
				GCC_WARN_UNUSED_VARIABLE = YES;
				IPHONEOS_DEPLOYMENT_TARGET = 16.2;
				MTL_ENABLE_DEBUG_INFO = NO;
				MTL_FAST_MATH = YES;
				SDKROOT = iphoneos;
				SWIFT_COMPILATION_MODE = wholemodule;
				SWIFT_OPTIMIZATION_LEVEL = "-O";
				VALIDATE_PRODUCT = YES;
			};
			name = Release;
		};
		12FC13B029D2DF24007841D9 /* Debug */ = {
			isa = XCBuildConfiguration;
			buildSettings = {
				ASSETCATALOG_COMPILER_APPICON_NAME = AppIcon;
				ASSETCATALOG_COMPILER_GLOBAL_ACCENT_COLOR_NAME = AccentColor;
				CODE_SIGN_STYLE = Automatic;
				CURRENT_PROJECT_VERSION = 1;
				DEVELOPMENT_TEAM = PV7T26JW8Z;
				GENERATE_INFOPLIST_FILE = YES;
				INFOPLIST_FILE = Talky/Resourses/Info.plist;
				INFOPLIST_KEY_UIApplicationSupportsIndirectInputEvents = YES;
				INFOPLIST_KEY_UILaunchStoryboardName = LaunchScreen;
				INFOPLIST_KEY_UISupportedInterfaceOrientations_iPad = "UIInterfaceOrientationPortrait UIInterfaceOrientationPortraitUpsideDown UIInterfaceOrientationLandscapeLeft UIInterfaceOrientationLandscapeRight";
				INFOPLIST_KEY_UISupportedInterfaceOrientations_iPhone = "UIInterfaceOrientationPortrait UIInterfaceOrientationLandscapeLeft UIInterfaceOrientationLandscapeRight";
				LD_RUNPATH_SEARCH_PATHS = (
					"$(inherited)",
					"@executable_path/Frameworks",
				);
				MARKETING_VERSION = 1.0;
				PRODUCT_BUNDLE_IDENTIFIER = main.Talky;
				PRODUCT_NAME = "$(TARGET_NAME)";
				SWIFT_EMIT_LOC_STRINGS = YES;
				SWIFT_VERSION = 5.0;
				TARGETED_DEVICE_FAMILY = "1,2";
			};
			name = Debug;
		};
		12FC13B129D2DF24007841D9 /* Release */ = {
			isa = XCBuildConfiguration;
			buildSettings = {
				ASSETCATALOG_COMPILER_APPICON_NAME = AppIcon;
				ASSETCATALOG_COMPILER_GLOBAL_ACCENT_COLOR_NAME = AccentColor;
				CODE_SIGN_STYLE = Automatic;
				CURRENT_PROJECT_VERSION = 1;
				DEVELOPMENT_TEAM = PV7T26JW8Z;
				GENERATE_INFOPLIST_FILE = YES;
				INFOPLIST_FILE = Talky/Resourses/Info.plist;
				INFOPLIST_KEY_UIApplicationSupportsIndirectInputEvents = YES;
				INFOPLIST_KEY_UILaunchStoryboardName = LaunchScreen;
				INFOPLIST_KEY_UISupportedInterfaceOrientations_iPad = "UIInterfaceOrientationPortrait UIInterfaceOrientationPortraitUpsideDown UIInterfaceOrientationLandscapeLeft UIInterfaceOrientationLandscapeRight";
				INFOPLIST_KEY_UISupportedInterfaceOrientations_iPhone = "UIInterfaceOrientationPortrait UIInterfaceOrientationLandscapeLeft UIInterfaceOrientationLandscapeRight";
				LD_RUNPATH_SEARCH_PATHS = (
					"$(inherited)",
					"@executable_path/Frameworks",
				);
				MARKETING_VERSION = 1.0;
				PRODUCT_BUNDLE_IDENTIFIER = main.Talky;
				PRODUCT_NAME = "$(TARGET_NAME)";
				SWIFT_EMIT_LOC_STRINGS = YES;
				SWIFT_VERSION = 5.0;
				TARGETED_DEVICE_FAMILY = "1,2";
			};
			name = Release;
		};
/* End XCBuildConfiguration section */

/* Begin XCConfigurationList section */
		12FC139629D2DF22007841D9 /* Build configuration list for PBXProject "Talky" */ = {
			isa = XCConfigurationList;
			buildConfigurations = (
				12FC13AD29D2DF24007841D9 /* Debug */,
				12FC13AE29D2DF24007841D9 /* Release */,
			);
			defaultConfigurationIsVisible = 0;
			defaultConfigurationName = Release;
		};
		12FC13AF29D2DF24007841D9 /* Build configuration list for PBXNativeTarget "Talky" */ = {
			isa = XCConfigurationList;
			buildConfigurations = (
				12FC13B029D2DF24007841D9 /* Debug */,
				12FC13B129D2DF24007841D9 /* Release */,
			);
			defaultConfigurationIsVisible = 0;
			defaultConfigurationName = Release;
		};
/* End XCConfigurationList section */
	};
	rootObject = 12FC139329D2DF22007841D9 /* Project object */;
}
